// !$*UTF8*$!
{
	archiveVersion = 1;
	classes = {
	};
	objectVersion = 51;
	objects = {

/* Begin PBXBuildFile section */
		367936F196D5F9D085E10516 /* Pods_Spotify.framework in Frameworks */ = {isa = PBXBuildFile; fileRef = D500ADC3132CC51A5513C02D /* Pods_Spotify.framework */; };
		CC4974A126FB2565009DEAFF /* AppDelegate.swift in Sources */ = {isa = PBXBuildFile; fileRef = CC4974A026FB2565009DEAFF /* AppDelegate.swift */; };
		CC4974A326FB2565009DEAFF /* SceneDelegate.swift in Sources */ = {isa = PBXBuildFile; fileRef = CC4974A226FB2565009DEAFF /* SceneDelegate.swift */; };
		CC4974AA26FB2567009DEAFF /* Assets.xcassets in Resources */ = {isa = PBXBuildFile; fileRef = CC4974A926FB2567009DEAFF /* Assets.xcassets */; };
		CC4974AD26FB2567009DEAFF /* LaunchScreen.storyboard in Resources */ = {isa = PBXBuildFile; fileRef = CC4974AB26FB2567009DEAFF /* LaunchScreen.storyboard */; };
		CC4974C326FB5E8D009DEAFF /* TabBarViewController.swift in Sources */ = {isa = PBXBuildFile; fileRef = CC4974C226FB5E8D009DEAFF /* TabBarViewController.swift */; };
		CC4974C526FB5EB3009DEAFF /* HomeViewController.swift in Sources */ = {isa = PBXBuildFile; fileRef = CC4974C426FB5EB3009DEAFF /* HomeViewController.swift */; };
		CC4974C726FB5EC5009DEAFF /* LibraryViewController.swift in Sources */ = {isa = PBXBuildFile; fileRef = CC4974C626FB5EC5009DEAFF /* LibraryViewController.swift */; };
		CC4974C926FB5ED1009DEAFF /* SearchViewController.swift in Sources */ = {isa = PBXBuildFile; fileRef = CC4974C826FB5ED1009DEAFF /* SearchViewController.swift */; };
		CC4974CB26FB6285009DEAFF /* AuthViewController.swift in Sources */ = {isa = PBXBuildFile; fileRef = CC4974CA26FB6285009DEAFF /* AuthViewController.swift */; };
		CC4974CD26FB6294009DEAFF /* PlayerViewController.swift in Sources */ = {isa = PBXBuildFile; fileRef = CC4974CC26FB6294009DEAFF /* PlayerViewController.swift */; };
		CC4974CF26FB62A4009DEAFF /* PlaylistViewController.swift in Sources */ = {isa = PBXBuildFile; fileRef = CC4974CE26FB62A4009DEAFF /* PlaylistViewController.swift */; };
		CC4974D126FB62B1009DEAFF /* ProfileViewController.swift in Sources */ = {isa = PBXBuildFile; fileRef = CC4974D026FB62B1009DEAFF /* ProfileViewController.swift */; };
		CC4974D326FB62C0009DEAFF /* SearchResultsViewController.swift in Sources */ = {isa = PBXBuildFile; fileRef = CC4974D226FB62C0009DEAFF /* SearchResultsViewController.swift */; };
		CC4974D526FB62D1009DEAFF /* SettingsViewController.swift in Sources */ = {isa = PBXBuildFile; fileRef = CC4974D426FB62D1009DEAFF /* SettingsViewController.swift */; };
		CC4974D726FB62DF009DEAFF /* WelcomeViewController.swift in Sources */ = {isa = PBXBuildFile; fileRef = CC4974D626FB62DF009DEAFF /* WelcomeViewController.swift */; };
		CC4974DB26FB637C009DEAFF /* UserProfile.swift in Sources */ = {isa = PBXBuildFile; fileRef = CC4974DA26FB637C009DEAFF /* UserProfile.swift */; };
		CC4974DD26FB6391009DEAFF /* Playlist.swift in Sources */ = {isa = PBXBuildFile; fileRef = CC4974DC26FB6391009DEAFF /* Playlist.swift */; };
		CC4974DF26FB63A5009DEAFF /* AudioTrack.swift in Sources */ = {isa = PBXBuildFile; fileRef = CC4974DE26FB63A5009DEAFF /* AudioTrack.swift */; };
		CC4974E126FB63B3009DEAFF /* Artist.swift in Sources */ = {isa = PBXBuildFile; fileRef = CC4974E026FB63B2009DEAFF /* Artist.swift */; };
		CC4974E326FB63CE009DEAFF /* APICaller.swift in Sources */ = {isa = PBXBuildFile; fileRef = CC4974E226FB63CE009DEAFF /* APICaller.swift */; };
		CC4974E526FB63E3009DEAFF /* AuthManager.swift in Sources */ = {isa = PBXBuildFile; fileRef = CC4974E426FB63E3009DEAFF /* AuthManager.swift */; };
		CC4974E726FB63FB009DEAFF /* HapticsManager.swift in Sources */ = {isa = PBXBuildFile; fileRef = CC4974E626FB63FB009DEAFF /* HapticsManager.swift */; };
		CC5602B32707096B0072B197 /* SettingsModels.swift in Sources */ = {isa = PBXBuildFile; fileRef = CC5602B22707096B0072B197 /* SettingsModels.swift */; };
		CC6842452709AB63005E6A83 /* NewReleasesResponse.swift in Sources */ = {isa = PBXBuildFile; fileRef = CC6842442709AB63005E6A83 /* NewReleasesResponse.swift */; };
		CC6842472709AB7F005E6A83 /* APIImage.swift in Sources */ = {isa = PBXBuildFile; fileRef = CC6842462709AB7F005E6A83 /* APIImage.swift */; };
		CC68424927108195005E6A83 /* FeaturedPlaylistsResponse.swift in Sources */ = {isa = PBXBuildFile; fileRef = CC68424827108195005E6A83 /* FeaturedPlaylistsResponse.swift */; };
		CC68424B27108A61005E6A83 /* RecommendedGenresResponse.swift in Sources */ = {isa = PBXBuildFile; fileRef = CC68424A27108A61005E6A83 /* RecommendedGenresResponse.swift */; };
		CC73911426FC425600469A5F /* Extensions.swift in Sources */ = {isa = PBXBuildFile; fileRef = CC73911326FC425600469A5F /* Extensions.swift */; };
		CC73911626FCD1E200469A5F /* AuthResponse.swift in Sources */ = {isa = PBXBuildFile; fileRef = CC73911526FCD1E200469A5F /* AuthResponse.swift */; };
/* End PBXBuildFile section */

/* Begin PBXFileReference section */
		4CB3D740016EC092FD777A8C /* Pods-Spotify.debug.xcconfig */ = {isa = PBXFileReference; includeInIndex = 1; lastKnownFileType = text.xcconfig; name = "Pods-Spotify.debug.xcconfig"; path = "Target Support Files/Pods-Spotify/Pods-Spotify.debug.xcconfig"; sourceTree = "<group>"; };
		505FD54AED40A168973C7142 /* Pods-Spotify.release.xcconfig */ = {isa = PBXFileReference; includeInIndex = 1; lastKnownFileType = text.xcconfig; name = "Pods-Spotify.release.xcconfig"; path = "Target Support Files/Pods-Spotify/Pods-Spotify.release.xcconfig"; sourceTree = "<group>"; };
		CC49749D26FB2565009DEAFF /* Spotify.app */ = {isa = PBXFileReference; explicitFileType = wrapper.application; includeInIndex = 0; path = Spotify.app; sourceTree = BUILT_PRODUCTS_DIR; };
		CC4974A026FB2565009DEAFF /* AppDelegate.swift */ = {isa = PBXFileReference; lastKnownFileType = sourcecode.swift; path = AppDelegate.swift; sourceTree = "<group>"; };
		CC4974A226FB2565009DEAFF /* SceneDelegate.swift */ = {isa = PBXFileReference; lastKnownFileType = sourcecode.swift; path = SceneDelegate.swift; sourceTree = "<group>"; };
		CC4974A926FB2567009DEAFF /* Assets.xcassets */ = {isa = PBXFileReference; lastKnownFileType = folder.assetcatalog; path = Assets.xcassets; sourceTree = "<group>"; };
		CC4974AC26FB2567009DEAFF /* Base */ = {isa = PBXFileReference; lastKnownFileType = file.storyboard; name = Base; path = Base.lproj/LaunchScreen.storyboard; sourceTree = "<group>"; };
		CC4974AE26FB2567009DEAFF /* Info.plist */ = {isa = PBXFileReference; lastKnownFileType = text.plist.xml; path = Info.plist; sourceTree = "<group>"; };
		CC4974C226FB5E8D009DEAFF /* TabBarViewController.swift */ = {isa = PBXFileReference; lastKnownFileType = sourcecode.swift; path = TabBarViewController.swift; sourceTree = "<group>"; };
		CC4974C426FB5EB3009DEAFF /* HomeViewController.swift */ = {isa = PBXFileReference; lastKnownFileType = sourcecode.swift; path = HomeViewController.swift; sourceTree = "<group>"; };
		CC4974C626FB5EC5009DEAFF /* LibraryViewController.swift */ = {isa = PBXFileReference; lastKnownFileType = sourcecode.swift; path = LibraryViewController.swift; sourceTree = "<group>"; };
		CC4974C826FB5ED1009DEAFF /* SearchViewController.swift */ = {isa = PBXFileReference; lastKnownFileType = sourcecode.swift; path = SearchViewController.swift; sourceTree = "<group>"; };
		CC4974CA26FB6285009DEAFF /* AuthViewController.swift */ = {isa = PBXFileReference; lastKnownFileType = sourcecode.swift; path = AuthViewController.swift; sourceTree = "<group>"; };
		CC4974CC26FB6294009DEAFF /* PlayerViewController.swift */ = {isa = PBXFileReference; lastKnownFileType = sourcecode.swift; path = PlayerViewController.swift; sourceTree = "<group>"; };
		CC4974CE26FB62A4009DEAFF /* PlaylistViewController.swift */ = {isa = PBXFileReference; lastKnownFileType = sourcecode.swift; path = PlaylistViewController.swift; sourceTree = "<group>"; };
		CC4974D026FB62B1009DEAFF /* ProfileViewController.swift */ = {isa = PBXFileReference; lastKnownFileType = sourcecode.swift; path = ProfileViewController.swift; sourceTree = "<group>"; };
		CC4974D226FB62C0009DEAFF /* SearchResultsViewController.swift */ = {isa = PBXFileReference; lastKnownFileType = sourcecode.swift; path = SearchResultsViewController.swift; sourceTree = "<group>"; };
		CC4974D426FB62D1009DEAFF /* SettingsViewController.swift */ = {isa = PBXFileReference; lastKnownFileType = sourcecode.swift; path = SettingsViewController.swift; sourceTree = "<group>"; };
		CC4974D626FB62DF009DEAFF /* WelcomeViewController.swift */ = {isa = PBXFileReference; lastKnownFileType = sourcecode.swift; path = WelcomeViewController.swift; sourceTree = "<group>"; };
		CC4974DA26FB637C009DEAFF /* UserProfile.swift */ = {isa = PBXFileReference; lastKnownFileType = sourcecode.swift; path = UserProfile.swift; sourceTree = "<group>"; };
		CC4974DC26FB6391009DEAFF /* Playlist.swift */ = {isa = PBXFileReference; lastKnownFileType = sourcecode.swift; path = Playlist.swift; sourceTree = "<group>"; };
		CC4974DE26FB63A5009DEAFF /* AudioTrack.swift */ = {isa = PBXFileReference; lastKnownFileType = sourcecode.swift; path = AudioTrack.swift; sourceTree = "<group>"; };
		CC4974E026FB63B2009DEAFF /* Artist.swift */ = {isa = PBXFileReference; lastKnownFileType = sourcecode.swift; path = Artist.swift; sourceTree = "<group>"; };
		CC4974E226FB63CE009DEAFF /* APICaller.swift */ = {isa = PBXFileReference; lastKnownFileType = sourcecode.swift; path = APICaller.swift; sourceTree = "<group>"; };
		CC4974E426FB63E3009DEAFF /* AuthManager.swift */ = {isa = PBXFileReference; lastKnownFileType = sourcecode.swift; path = AuthManager.swift; sourceTree = "<group>"; };
		CC4974E626FB63FB009DEAFF /* HapticsManager.swift */ = {isa = PBXFileReference; lastKnownFileType = sourcecode.swift; path = HapticsManager.swift; sourceTree = "<group>"; };
		CC5602B22707096B0072B197 /* SettingsModels.swift */ = {isa = PBXFileReference; lastKnownFileType = sourcecode.swift; path = SettingsModels.swift; sourceTree = "<group>"; };
		CC6842442709AB63005E6A83 /* NewReleasesResponse.swift */ = {isa = PBXFileReference; fileEncoding = 4; lastKnownFileType = sourcecode.swift; path = NewReleasesResponse.swift; sourceTree = "<group>"; };
		CC6842462709AB7F005E6A83 /* APIImage.swift */ = {isa = PBXFileReference; lastKnownFileType = sourcecode.swift; path = APIImage.swift; sourceTree = "<group>"; };
		CC68424827108195005E6A83 /* FeaturedPlaylistsResponse.swift */ = {isa = PBXFileReference; lastKnownFileType = sourcecode.swift; path = FeaturedPlaylistsResponse.swift; sourceTree = "<group>"; };
		CC68424A27108A61005E6A83 /* RecommendedGenresResponse.swift */ = {isa = PBXFileReference; lastKnownFileType = sourcecode.swift; path = RecommendedGenresResponse.swift; sourceTree = "<group>"; };
		CC73911326FC425600469A5F /* Extensions.swift */ = {isa = PBXFileReference; lastKnownFileType = sourcecode.swift; path = Extensions.swift; sourceTree = "<group>"; };
		CC73911526FCD1E200469A5F /* AuthResponse.swift */ = {isa = PBXFileReference; lastKnownFileType = sourcecode.swift; path = AuthResponse.swift; sourceTree = "<group>"; };
		D500ADC3132CC51A5513C02D /* Pods_Spotify.framework */ = {isa = PBXFileReference; explicitFileType = wrapper.framework; includeInIndex = 0; path = Pods_Spotify.framework; sourceTree = BUILT_PRODUCTS_DIR; };
/* End PBXFileReference section */

/* Begin PBXFrameworksBuildPhase section */
		CC49749A26FB2565009DEAFF /* Frameworks */ = {
			isa = PBXFrameworksBuildPhase;
			buildActionMask = 2147483647;
			files = (
				367936F196D5F9D085E10516 /* Pods_Spotify.framework in Frameworks */,
			);
			runOnlyForDeploymentPostprocessing = 0;
		};
/* End PBXFrameworksBuildPhase section */

/* Begin PBXGroup section */
		1A84BAB833A7C02F8E52DEDF /* Pods */ = {
			isa = PBXGroup;
			children = (
				4CB3D740016EC092FD777A8C /* Pods-Spotify.debug.xcconfig */,
				505FD54AED40A168973C7142 /* Pods-Spotify.release.xcconfig */,
			);
			path = Pods;
			sourceTree = "<group>";
		};
		CC49749426FB2565009DEAFF = {
			isa = PBXGroup;
			children = (
				CC49749F26FB2565009DEAFF /* Spotify */,
				CC49749E26FB2565009DEAFF /* Products */,
				1A84BAB833A7C02F8E52DEDF /* Pods */,
				DF3334E3E0EA31F20957BB54 /* Frameworks */,
			);
			sourceTree = "<group>";
		};
		CC49749E26FB2565009DEAFF /* Products */ = {
			isa = PBXGroup;
			children = (
				CC49749D26FB2565009DEAFF /* Spotify.app */,
			);
			name = Products;
			sourceTree = "<group>";
		};
		CC49749F26FB2565009DEAFF /* Spotify */ = {
			isa = PBXGroup;
			children = (
				CC4974BF26FB5729009DEAFF /* Resources */,
				CC4974BE26FB5718009DEAFF /* Managers */,
				CC4974BD26FB570C009DEAFF /* ViewModels */,
				CC4974BC26FB5705009DEAFF /* Models */,
				CC4974BB26FB56EF009DEAFF /* Views */,
				CC4974BA26FB56E2009DEAFF /* Controllers */,
				CC4974AE26FB2567009DEAFF /* Info.plist */,
			);
			path = Spotify;
			sourceTree = "<group>";
		};
		CC4974BA26FB56E2009DEAFF /* Controllers */ = {
			isa = PBXGroup;
			children = (
				CC4974C126FB5741009DEAFF /* Other */,
				CC4974C026FB5737009DEAFF /* Core */,
			);
			path = Controllers;
			sourceTree = "<group>";
		};
		CC4974BB26FB56EF009DEAFF /* Views */ = {
			isa = PBXGroup;
			children = (
				CC4974AB26FB2567009DEAFF /* LaunchScreen.storyboard */,
			);
			name = Views;
			sourceTree = "<group>";
		};
		CC4974BC26FB5705009DEAFF /* Models */ = {
			isa = PBXGroup;
			children = (
				CC4974DA26FB637C009DEAFF /* UserProfile.swift */,
				CC4974DC26FB6391009DEAFF /* Playlist.swift */,
				CC4974DE26FB63A5009DEAFF /* AudioTrack.swift */,
				CC4974E026FB63B2009DEAFF /* Artist.swift */,
				CC73911526FCD1E200469A5F /* AuthResponse.swift */,
				CC5602B22707096B0072B197 /* SettingsModels.swift */,
				CC6842442709AB63005E6A83 /* NewReleasesResponse.swift */,
				CC6842462709AB7F005E6A83 /* APIImage.swift */,
				CC68424827108195005E6A83 /* FeaturedPlaylistsResponse.swift */,
				CC68424A27108A61005E6A83 /* RecommendedGenresResponse.swift */,
			);
			path = Models;
			sourceTree = "<group>";
		};
		CC4974BD26FB570C009DEAFF /* ViewModels */ = {
			isa = PBXGroup;
			children = (
			);
			path = ViewModels;
			sourceTree = "<group>";
		};
		CC4974BE26FB5718009DEAFF /* Managers */ = {
			isa = PBXGroup;
			children = (
				CC4974E226FB63CE009DEAFF /* APICaller.swift */,
				CC4974E426FB63E3009DEAFF /* AuthManager.swift */,
				CC4974E626FB63FB009DEAFF /* HapticsManager.swift */,
			);
			path = Managers;
			sourceTree = "<group>";
		};
		CC4974BF26FB5729009DEAFF /* Resources */ = {
			isa = PBXGroup;
			children = (
				CC4974A926FB2567009DEAFF /* Assets.xcassets */,
				CC4974A226FB2565009DEAFF /* SceneDelegate.swift */,
				CC4974A026FB2565009DEAFF /* AppDelegate.swift */,
				CC73911326FC425600469A5F /* Extensions.swift */,
			);
			path = Resources;
			sourceTree = "<group>";
		};
		CC4974C026FB5737009DEAFF /* Core */ = {
			isa = PBXGroup;
			children = (
				CC4974C426FB5EB3009DEAFF /* HomeViewController.swift */,
				CC4974C626FB5EC5009DEAFF /* LibraryViewController.swift */,
				CC4974C826FB5ED1009DEAFF /* SearchViewController.swift */,
				CC4974C226FB5E8D009DEAFF /* TabBarViewController.swift */,
			);
			path = Core;
			sourceTree = "<group>";
		};
		CC4974C126FB5741009DEAFF /* Other */ = {
			isa = PBXGroup;
			children = (
				CC4974CA26FB6285009DEAFF /* AuthViewController.swift */,
				CC4974CC26FB6294009DEAFF /* PlayerViewController.swift */,
				CC4974CE26FB62A4009DEAFF /* PlaylistViewController.swift */,
				CC4974D026FB62B1009DEAFF /* ProfileViewController.swift */,
				CC4974D226FB62C0009DEAFF /* SearchResultsViewController.swift */,
				CC4974D426FB62D1009DEAFF /* SettingsViewController.swift */,
				CC4974D626FB62DF009DEAFF /* WelcomeViewController.swift */,
			);
			path = Other;
			sourceTree = "<group>";
		};
		DF3334E3E0EA31F20957BB54 /* Frameworks */ = {
			isa = PBXGroup;
			children = (
				D500ADC3132CC51A5513C02D /* Pods_Spotify.framework */,
			);
			name = Frameworks;
			sourceTree = "<group>";
		};
/* End PBXGroup section */

/* Begin PBXNativeTarget section */
		CC49749C26FB2565009DEAFF /* Spotify */ = {
			isa = PBXNativeTarget;
			buildConfigurationList = CC4974B126FB2567009DEAFF /* Build configuration list for PBXNativeTarget "Spotify" */;
			buildPhases = (
				9CCA267DDE5D06B737E5C7FC /* [CP] Check Pods Manifest.lock */,
				CC49749926FB2565009DEAFF /* Sources */,
				CC49749A26FB2565009DEAFF /* Frameworks */,
				CC49749B26FB2565009DEAFF /* Resources */,
				0D8E1E463AD6F5B6422227BC /* [CP] Embed Pods Frameworks */,
			);
			buildRules = (
			);
			dependencies = (
			);
			name = Spotify;
			productName = Spotify;
			productReference = CC49749D26FB2565009DEAFF /* Spotify.app */;
			productType = "com.apple.product-type.application";
		};
/* End PBXNativeTarget section */

/* Begin PBXProject section */
		CC49749526FB2565009DEAFF /* Project object */ = {
			isa = PBXProject;
			attributes = {
				LastSwiftUpdateCheck = 1250;
				LastUpgradeCheck = 1250;
				TargetAttributes = {
					CC49749C26FB2565009DEAFF = {
						CreatedOnToolsVersion = 12.5.1;
					};
				};
			};
			buildConfigurationList = CC49749826FB2565009DEAFF /* Build configuration list for PBXProject "Spotify" */;
			compatibilityVersion = "Xcode 9.3";
			developmentRegion = en;
			hasScannedForEncodings = 0;
			knownRegions = (
				en,
				Base,
			);
			mainGroup = CC49749426FB2565009DEAFF;
			productRefGroup = CC49749E26FB2565009DEAFF /* Products */;
			projectDirPath = "";
			projectRoot = "";
			targets = (
				CC49749C26FB2565009DEAFF /* Spotify */,
			);
		};
/* End PBXProject section */

/* Begin PBXResourcesBuildPhase section */
		CC49749B26FB2565009DEAFF /* Resources */ = {
			isa = PBXResourcesBuildPhase;
			buildActionMask = 2147483647;
			files = (
				CC4974AD26FB2567009DEAFF /* LaunchScreen.storyboard in Resources */,
				CC4974AA26FB2567009DEAFF /* Assets.xcassets in Resources */,
			);
			runOnlyForDeploymentPostprocessing = 0;
		};
/* End PBXResourcesBuildPhase section */

/* Begin PBXShellScriptBuildPhase section */
		0D8E1E463AD6F5B6422227BC /* [CP] Embed Pods Frameworks */ = {
			isa = PBXShellScriptBuildPhase;
			buildActionMask = 2147483647;
			files = (
			);
			inputFileListPaths = (
				"${PODS_ROOT}/Target Support Files/Pods-Spotify/Pods-Spotify-frameworks-${CONFIGURATION}-input-files.xcfilelist",
			);
			name = "[CP] Embed Pods Frameworks";
			outputFileListPaths = (
				"${PODS_ROOT}/Target Support Files/Pods-Spotify/Pods-Spotify-frameworks-${CONFIGURATION}-output-files.xcfilelist",
			);
			runOnlyForDeploymentPostprocessing = 0;
			shellPath = /bin/sh;
			shellScript = "\"${PODS_ROOT}/Target Support Files/Pods-Spotify/Pods-Spotify-frameworks.sh\"\n";
			showEnvVarsInLog = 0;
		};
		9CCA267DDE5D06B737E5C7FC /* [CP] Check Pods Manifest.lock */ = {
			isa = PBXShellScriptBuildPhase;
			buildActionMask = 2147483647;
			files = (
			);
			inputFileListPaths = (
			);
			inputPaths = (
				"${PODS_PODFILE_DIR_PATH}/Podfile.lock",
				"${PODS_ROOT}/Manifest.lock",
			);
			name = "[CP] Check Pods Manifest.lock";
			outputFileListPaths = (
			);
			outputPaths = (
				"$(DERIVED_FILE_DIR)/Pods-Spotify-checkManifestLockResult.txt",
			);
			runOnlyForDeploymentPostprocessing = 0;
			shellPath = /bin/sh;
			shellScript = "diff \"${PODS_PODFILE_DIR_PATH}/Podfile.lock\" \"${PODS_ROOT}/Manifest.lock\" > /dev/null\nif [ $? != 0 ] ; then\n    # print error to STDERR\n    echo \"error: The sandbox is not in sync with the Podfile.lock. Run 'pod install' or update your CocoaPods installation.\" >&2\n    exit 1\nfi\n# This output is used by Xcode 'outputs' to avoid re-running this script phase.\necho \"SUCCESS\" > \"${SCRIPT_OUTPUT_FILE_0}\"\n";
			showEnvVarsInLog = 0;
		};
/* End PBXShellScriptBuildPhase section */

/* Begin PBXSourcesBuildPhase section */
		CC49749926FB2565009DEAFF /* Sources */ = {
			isa = PBXSourcesBuildPhase;
			buildActionMask = 2147483647;
			files = (
				CC4974C926FB5ED1009DEAFF /* SearchViewController.swift in Sources */,
				CC4974D326FB62C0009DEAFF /* SearchResultsViewController.swift in Sources */,
				CC4974DF26FB63A5009DEAFF /* AudioTrack.swift in Sources */,
				CC4974DB26FB637C009DEAFF /* UserProfile.swift in Sources */,
				CC4974CD26FB6294009DEAFF /* PlayerViewController.swift in Sources */,
				CC4974D126FB62B1009DEAFF /* ProfileViewController.swift in Sources */,
				CC6842452709AB63005E6A83 /* NewReleasesResponse.swift in Sources */,
				CC4974A126FB2565009DEAFF /* AppDelegate.swift in Sources */,
				CC4974C726FB5EC5009DEAFF /* LibraryViewController.swift in Sources */,
				CC73911626FCD1E200469A5F /* AuthResponse.swift in Sources */,
				CC6842472709AB7F005E6A83 /* APIImage.swift in Sources */,
				CC4974D726FB62DF009DEAFF /* WelcomeViewController.swift in Sources */,
				CC4974CB26FB6285009DEAFF /* AuthViewController.swift in Sources */,
				CC4974CF26FB62A4009DEAFF /* PlaylistViewController.swift in Sources */,
				CC4974C326FB5E8D009DEAFF /* TabBarViewController.swift in Sources */,
				CC4974A326FB2565009DEAFF /* SceneDelegate.swift in Sources */,
				CC73911426FC425600469A5F /* Extensions.swift in Sources */,
				CC4974E326FB63CE009DEAFF /* APICaller.swift in Sources */,
				CC4974E526FB63E3009DEAFF /* AuthManager.swift in Sources */,
				CC5602B32707096B0072B197 /* SettingsModels.swift in Sources */,
				CC4974C526FB5EB3009DEAFF /* HomeViewController.swift in Sources */,
				CC4974E126FB63B3009DEAFF /* Artist.swift in Sources */,
				CC4974D526FB62D1009DEAFF /* SettingsViewController.swift in Sources */,
				CC4974E726FB63FB009DEAFF /* HapticsManager.swift in Sources */,
				CC68424927108195005E6A83 /* FeaturedPlaylistsResponse.swift in Sources */,
				CC4974DD26FB6391009DEAFF /* Playlist.swift in Sources */,
				CC68424B27108A61005E6A83 /* RecommendedGenresResponse.swift in Sources */,
			);
			runOnlyForDeploymentPostprocessing = 0;
		};
/* End PBXSourcesBuildPhase section */

/* Begin PBXVariantGroup section */
		CC4974AB26FB2567009DEAFF /* LaunchScreen.storyboard */ = {
			isa = PBXVariantGroup;
			children = (
				CC4974AC26FB2567009DEAFF /* Base */,
			);
			name = LaunchScreen.storyboard;
			sourceTree = "<group>";
		};
/* End PBXVariantGroup section */

/* Begin XCBuildConfiguration section */
		CC4974AF26FB2567009DEAFF /* Debug */ = {
			isa = XCBuildConfiguration;
			buildSettings = {
				ALWAYS_SEARCH_USER_PATHS = NO;
				CLANG_ANALYZER_NONNULL = YES;
				CLANG_ANALYZER_NUMBER_OBJECT_CONVERSION = YES_AGGRESSIVE;
				CLANG_CXX_LANGUAGE_STANDARD = "gnu++14";
				CLANG_CXX_LIBRARY = "libc++";
				CLANG_ENABLE_MODULES = YES;
				CLANG_ENABLE_OBJC_ARC = YES;
				CLANG_ENABLE_OBJC_WEAK = YES;
				CLANG_WARN_BLOCK_CAPTURE_AUTORELEASING = YES;
				CLANG_WARN_BOOL_CONVERSION = YES;
				CLANG_WARN_COMMA = YES;
				CLANG_WARN_CONSTANT_CONVERSION = YES;
				CLANG_WARN_DEPRECATED_OBJC_IMPLEMENTATIONS = YES;
				CLANG_WARN_DIRECT_OBJC_ISA_USAGE = YES_ERROR;
				CLANG_WARN_DOCUMENTATION_COMMENTS = YES;
				CLANG_WARN_EMPTY_BODY = YES;
				CLANG_WARN_ENUM_CONVERSION = YES;
				CLANG_WARN_INFINITE_RECURSION = YES;
				CLANG_WARN_INT_CONVERSION = YES;
				CLANG_WARN_NON_LITERAL_NULL_CONVERSION = YES;
				CLANG_WARN_OBJC_IMPLICIT_RETAIN_SELF = YES;
				CLANG_WARN_OBJC_LITERAL_CONVERSION = YES;
				CLANG_WARN_OBJC_ROOT_CLASS = YES_ERROR;
				CLANG_WARN_QUOTED_INCLUDE_IN_FRAMEWORK_HEADER = YES;
				CLANG_WARN_RANGE_LOOP_ANALYSIS = YES;
				CLANG_WARN_STRICT_PROTOTYPES = YES;
				CLANG_WARN_SUSPICIOUS_MOVE = YES;
				CLANG_WARN_UNGUARDED_AVAILABILITY = YES_AGGRESSIVE;
				CLANG_WARN_UNREACHABLE_CODE = YES;
				CLANG_WARN__DUPLICATE_METHOD_MATCH = YES;
				COPY_PHASE_STRIP = NO;
				DEBUG_INFORMATION_FORMAT = dwarf;
				ENABLE_STRICT_OBJC_MSGSEND = YES;
				ENABLE_TESTABILITY = YES;
				GCC_C_LANGUAGE_STANDARD = gnu11;
				GCC_DYNAMIC_NO_PIC = NO;
				GCC_NO_COMMON_BLOCKS = YES;
				GCC_OPTIMIZATION_LEVEL = 0;
				GCC_PREPROCESSOR_DEFINITIONS = (
					"DEBUG=1",
					"$(inherited)",
				);
				GCC_WARN_64_TO_32_BIT_CONVERSION = YES;
				GCC_WARN_ABOUT_RETURN_TYPE = YES_ERROR;
				GCC_WARN_UNDECLARED_SELECTOR = YES;
				GCC_WARN_UNINITIALIZED_AUTOS = YES_AGGRESSIVE;
				GCC_WARN_UNUSED_FUNCTION = YES;
				GCC_WARN_UNUSED_VARIABLE = YES;
				IPHONEOS_DEPLOYMENT_TARGET = 14.5;
				MTL_ENABLE_DEBUG_INFO = INCLUDE_SOURCE;
				MTL_FAST_MATH = YES;
				ONLY_ACTIVE_ARCH = YES;
				SDKROOT = iphoneos;
				SWIFT_ACTIVE_COMPILATION_CONDITIONS = DEBUG;
				SWIFT_OPTIMIZATION_LEVEL = "-Onone";
			};
			name = Debug;
		};
		CC4974B026FB2567009DEAFF /* Release */ = {
			isa = XCBuildConfiguration;
			buildSettings = {
				ALWAYS_SEARCH_USER_PATHS = NO;
				CLANG_ANALYZER_NONNULL = YES;
				CLANG_ANALYZER_NUMBER_OBJECT_CONVERSION = YES_AGGRESSIVE;
				CLANG_CXX_LANGUAGE_STANDARD = "gnu++14";
				CLANG_CXX_LIBRARY = "libc++";
				CLANG_ENABLE_MODULES = YES;
				CLANG_ENABLE_OBJC_ARC = YES;
				CLANG_ENABLE_OBJC_WEAK = YES;
				CLANG_WARN_BLOCK_CAPTURE_AUTORELEASING = YES;
				CLANG_WARN_BOOL_CONVERSION = YES;
				CLANG_WARN_COMMA = YES;
				CLANG_WARN_CONSTANT_CONVERSION = YES;
				CLANG_WARN_DEPRECATED_OBJC_IMPLEMENTATIONS = YES;
				CLANG_WARN_DIRECT_OBJC_ISA_USAGE = YES_ERROR;
				CLANG_WARN_DOCUMENTATION_COMMENTS = YES;
				CLANG_WARN_EMPTY_BODY = YES;
				CLANG_WARN_ENUM_CONVERSION = YES;
				CLANG_WARN_INFINITE_RECURSION = YES;
				CLANG_WARN_INT_CONVERSION = YES;
				CLANG_WARN_NON_LITERAL_NULL_CONVERSION = YES;
				CLANG_WARN_OBJC_IMPLICIT_RETAIN_SELF = YES;
				CLANG_WARN_OBJC_LITERAL_CONVERSION = YES;
				CLANG_WARN_OBJC_ROOT_CLASS = YES_ERROR;
				CLANG_WARN_QUOTED_INCLUDE_IN_FRAMEWORK_HEADER = YES;
				CLANG_WARN_RANGE_LOOP_ANALYSIS = YES;
				CLANG_WARN_STRICT_PROTOTYPES = YES;
				CLANG_WARN_SUSPICIOUS_MOVE = YES;
				CLANG_WARN_UNGUARDED_AVAILABILITY = YES_AGGRESSIVE;
				CLANG_WARN_UNREACHABLE_CODE = YES;
				CLANG_WARN__DUPLICATE_METHOD_MATCH = YES;
				COPY_PHASE_STRIP = NO;
				DEBUG_INFORMATION_FORMAT = "dwarf-with-dsym";
				ENABLE_NS_ASSERTIONS = NO;
				ENABLE_STRICT_OBJC_MSGSEND = YES;
				GCC_C_LANGUAGE_STANDARD = gnu11;
				GCC_NO_COMMON_BLOCKS = YES;
				GCC_WARN_64_TO_32_BIT_CONVERSION = YES;
				GCC_WARN_ABOUT_RETURN_TYPE = YES_ERROR;
				GCC_WARN_UNDECLARED_SELECTOR = YES;
				GCC_WARN_UNINITIALIZED_AUTOS = YES_AGGRESSIVE;
				GCC_WARN_UNUSED_FUNCTION = YES;
				GCC_WARN_UNUSED_VARIABLE = YES;
				IPHONEOS_DEPLOYMENT_TARGET = 14.5;
				MTL_ENABLE_DEBUG_INFO = NO;
				MTL_FAST_MATH = YES;
				SDKROOT = iphoneos;
				SWIFT_COMPILATION_MODE = wholemodule;
				SWIFT_OPTIMIZATION_LEVEL = "-O";
				VALIDATE_PRODUCT = YES;
			};
			name = Release;
		};
		CC4974B226FB2567009DEAFF /* Debug */ = {
			isa = XCBuildConfiguration;
			baseConfigurationReference = 4CB3D740016EC092FD777A8C /* Pods-Spotify.debug.xcconfig */;
			buildSettings = {
				ASSETCATALOG_COMPILER_APPICON_NAME = AppIcon;
				ASSETCATALOG_COMPILER_GLOBAL_ACCENT_COLOR_NAME = AccentColor;
				CODE_SIGN_STYLE = Automatic;
				INFOPLIST_FILE = Spotify/Info.plist;
				LD_RUNPATH_SEARCH_PATHS = (
					"$(inherited)",
					"@executable_path/Frameworks",
				);
				PRODUCT_BUNDLE_IDENTIFIER = com.baaaaaby.Spotify;
				PRODUCT_NAME = "$(TARGET_NAME)";
				SWIFT_VERSION = 5.0;
				TARGETED_DEVICE_FAMILY = "1,2";
			};
			name = Debug;
		};
		CC4974B326FB2567009DEAFF /* Release */ = {
			isa = XCBuildConfiguration;
			baseConfigurationReference = 505FD54AED40A168973C7142 /* Pods-Spotify.release.xcconfig */;
			buildSettings = {
				ASSETCATALOG_COMPILER_APPICON_NAME = AppIcon;
				ASSETCATALOG_COMPILER_GLOBAL_ACCENT_COLOR_NAME = AccentColor;
				CODE_SIGN_STYLE = Automatic;
				INFOPLIST_FILE = Spotify/Info.plist;
				LD_RUNPATH_SEARCH_PATHS = (
					"$(inherited)",
					"@executable_path/Frameworks",
				);
				PRODUCT_BUNDLE_IDENTIFIER = com.baaaaaby.Spotify;
				PRODUCT_NAME = "$(TARGET_NAME)";
				SWIFT_VERSION = 5.0;
				TARGETED_DEVICE_FAMILY = "1,2";
			};
			name = Release;
		};
/* End XCBuildConfiguration section */

/* Begin XCConfigurationList section */
		CC49749826FB2565009DEAFF /* Build configuration list for PBXProject "Spotify" */ = {
			isa = XCConfigurationList;
			buildConfigurations = (
				CC4974AF26FB2567009DEAFF /* Debug */,
				CC4974B026FB2567009DEAFF /* Release */,
			);
			defaultConfigurationIsVisible = 0;
			defaultConfigurationName = Release;
		};
		CC4974B126FB2567009DEAFF /* Build configuration list for PBXNativeTarget "Spotify" */ = {
			isa = XCConfigurationList;
			buildConfigurations = (
				CC4974B226FB2567009DEAFF /* Debug */,
				CC4974B326FB2567009DEAFF /* Release */,
			);
			defaultConfigurationIsVisible = 0;
			defaultConfigurationName = Release;
		};
/* End XCConfigurationList section */
	};
	rootObject = CC49749526FB2565009DEAFF /* Project object */;
}
